
Microsoft Visual Studio Solution File, Format Version 12.00
# Visual Studio 15
VisualStudioVersion = 15.0.27130.2036
MinimumVisualStudioVersion = 10.0.40219.1
Project("{FAE04EC0-301F-11D3-BF4B-00C04F79EFBC}") = "Confetti", "Confetti\Confetti.csproj", "{7D001E11-2BEA-464A-94EB-C47552F4930C}"
EndProject
Global
	GlobalSection(SolutionConfigurationPlatforms) = preSolution
		Debug|Any CPU = Debug|Any CPU
		Release|Any CPU = Release|Any CPU
	EndGlobalSection
	GlobalSection(ProjectConfigurationPlatforms) = postSolution
		{7D001E11-2BEA-464A-94EB-C47552F4930C}.Debug|Any CPU.ActiveCfg = Debug|Any CPU
		{7D001E11-2BEA-464A-94EB-C47552F4930C}.Debug|Any CPU.Build.0 = Debug|Any CPU
		{7D001E11-2BEA-464A-94EB-C47552F4930C}.Release|Any CPU.ActiveCfg = Release|Any CPU
		{7D001E11-2BEA-464A-94EB-C47552F4930C}.Release|Any CPU.Build.0 = Release|Any CPU
	EndGlobalSection
	GlobalSection(SolutionProperties) = preSolution
		HideSolutionNode = FALSE
	EndGlobalSection
	GlobalSection(ExtensibilityGlobals) = postSolution
		SolutionGuid = {355388E6-DFBF-4E20-AF31-723FDB47E279}
	EndGlobalSection
EndGlobal
